// !$*UTF8*$!
{
	archiveVersion = 1;
	classes = {
	};
	objectVersion = 46;
	objects = {

/* Begin PBXBuildFile section */
		6CDF006B1A34FFE200179BF6 /* AppDelegate.swift in Sources */ = {isa = PBXBuildFile; fileRef = 6CDF006A1A34FFE200179BF6 /* AppDelegate.swift */; };
		6CDF006D1A34FFE200179BF6 /* ViewController.swift in Sources */ = {isa = PBXBuildFile; fileRef = 6CDF006C1A34FFE200179BF6 /* ViewController.swift */; };
		6CDF00701A34FFE200179BF6 /* Main.storyboard in Resources */ = {isa = PBXBuildFile; fileRef = 6CDF006E1A34FFE200179BF6 /* Main.storyboard */; };
		6CDF00721A34FFE200179BF6 /* Images.xcassets in Resources */ = {isa = PBXBuildFile; fileRef = 6CDF00711A34FFE200179BF6 /* Images.xcassets */; };
		6CDF00751A34FFE200179BF6 /* LaunchScreen.xib in Resources */ = {isa = PBXBuildFile; fileRef = 6CDF00731A34FFE200179BF6 /* LaunchScreen.xib */; };
		6CDF00811A34FFE200179BF6 /* SlotMachineTests.swift in Sources */ = {isa = PBXBuildFile; fileRef = 6CDF00801A34FFE200179BF6 /* SlotMachineTests.swift */; };
/* End PBXBuildFile section */

/* Begin PBXContainerItemProxy section */
		6CDF007B1A34FFE200179BF6 /* PBXContainerItemProxy */ = {
			isa = PBXContainerItemProxy;
			containerPortal = 6CDF005D1A34FFE200179BF6 /* Project object */;
			proxyType = 1;
			remoteGlobalIDString = 6CDF00641A34FFE200179BF6;
			remoteInfo = SlotMachine;
		};
/* End PBXContainerItemProxy section */

/* Begin PBXFileReference section */
		6CDF00651A34FFE200179BF6 /* SlotMachine.app */ = {isa = PBXFileReference; explicitFileType = wrapper.application; includeInIndex = 0; path = SlotMachine.app; sourceTree = BUILT_PRODUCTS_DIR; };
		6CDF00691A34FFE200179BF6 /* Info.plist */ = {isa = PBXFileReference; lastKnownFileType = text.plist.xml; path = Info.plist; sourceTree = "<group>"; };
		6CDF006A1A34FFE200179BF6 /* AppDelegate.swift */ = {isa = PBXFileReference; lastKnownFileType = sourcecode.swift; path = AppDelegate.swift; sourceTree = "<group>"; };
		6CDF006C1A34FFE200179BF6 /* ViewController.swift */ = {isa = PBXFileReference; lastKnownFileType = sourcecode.swift; path = ViewController.swift; sourceTree = "<group>"; };
		6CDF006F1A34FFE200179BF6 /* Base */ = {isa = PBXFileReference; lastKnownFileType = file.storyboard; name = Base; path = Base.lproj/Main.storyboard; sourceTree = "<group>"; };
		6CDF00711A34FFE200179BF6 /* Images.xcassets */ = {isa = PBXFileReference; lastKnownFileType = folder.assetcatalog; path = Images.xcassets; sourceTree = "<group>"; };
		6CDF00741A34FFE200179BF6 /* Base */ = {isa = PBXFileReference; lastKnownFileType = file.xib; name = Base; path = Base.lproj/LaunchScreen.xib; sourceTree = "<group>"; };
		6CDF007A1A34FFE200179BF6 /* SlotMachineTests.xctest */ = {isa = PBXFileReference; explicitFileType = wrapper.cfbundle; includeInIndex = 0; path = SlotMachineTests.xctest; sourceTree = BUILT_PRODUCTS_DIR; };
		6CDF007F1A34FFE200179BF6 /* Info.plist */ = {isa = PBXFileReference; lastKnownFileType = text.plist.xml; path = Info.plist; sourceTree = "<group>"; };
		6CDF00801A34FFE200179BF6 /* SlotMachineTests.swift */ = {isa = PBXFileReference; lastKnownFileType = sourcecode.swift; path = SlotMachineTests.swift; sourceTree = "<group>"; };
/* End PBXFileReference section */

/* Begin PBXFrameworksBuildPhase section */
		6CDF00621A34FFE200179BF6 /* Frameworks */ = {
			isa = PBXFrameworksBuildPhase;
			buildActionMask = 2147483647;
			files = (
			);
			runOnlyForDeploymentPostprocessing = 0;
		};
		6CDF00771A34FFE200179BF6 /* Frameworks */ = {
			isa = PBXFrameworksBuildPhase;
			buildActionMask = 2147483647;
			files = (
			);
			runOnlyForDeploymentPostprocessing = 0;
		};
/* End PBXFrameworksBuildPhase section */

/* Begin PBXGroup section */
		6CDF005C1A34FFE200179BF6 = {
			isa = PBXGroup;
			children = (
				6CDF00671A34FFE200179BF6 /* SlotMachine */,
				6CDF007D1A34FFE200179BF6 /* SlotMachineTests */,
				6CDF00661A34FFE200179BF6 /* Products */,
			);
			sourceTree = "<group>";
		};
		6CDF00661A34FFE200179BF6 /* Products */ = {
			isa = PBXGroup;
			children = (
				6CDF00651A34FFE200179BF6 /* SlotMachine.app */,
				6CDF007A1A34FFE200179BF6 /* SlotMachineTests.xctest */,
			);
			name = Products;
			sourceTree = "<group>";
		};
		6CDF00671A34FFE200179BF6 /* SlotMachine */ = {
			isa = PBXGroup;
			children = (
				6CDF006A1A34FFE200179BF6 /* AppDelegate.swift */,
				6CDF006C1A34FFE200179BF6 /* ViewController.swift */,
				6CDF006E1A34FFE200179BF6 /* Main.storyboard */,
				6CDF00711A34FFE200179BF6 /* Images.xcassets */,
				6CDF00731A34FFE200179BF6 /* LaunchScreen.xib */,
				6CDF00681A34FFE200179BF6 /* Supporting Files */,
			);
			path = SlotMachine;
			sourceTree = "<group>";
		};
		6CDF00681A34FFE200179BF6 /* Supporting Files */ = {
			isa = PBXGroup;
			children = (
				6CDF00691A34FFE200179BF6 /* Info.plist */,
			);
			name = "Supporting Files";
			sourceTree = "<group>";
		};
		6CDF007D1A34FFE200179BF6 /* SlotMachineTests */ = {
			isa = PBXGroup;
			children = (
				6CDF00801A34FFE200179BF6 /* SlotMachineTests.swift */,
				6CDF007E1A34FFE200179BF6 /* Supporting Files */,
			);
			path = SlotMachineTests;
			sourceTree = "<group>";
		};
		6CDF007E1A34FFE200179BF6 /* Supporting Files */ = {
			isa = PBXGroup;
			children = (
				6CDF007F1A34FFE200179BF6 /* Info.plist */,
			);
			name = "Supporting Files";
			sourceTree = "<group>";
		};
/* End PBXGroup section */

/* Begin PBXNativeTarget section */
		6CDF00641A34FFE200179BF6 /* SlotMachine */ = {
			isa = PBXNativeTarget;
			buildConfigurationList = 6CDF00841A34FFE200179BF6 /* Build configuration list for PBXNativeTarget "SlotMachine" */;
			buildPhases = (
				6CDF00611A34FFE200179BF6 /* Sources */,
				6CDF00621A34FFE200179BF6 /* Frameworks */,
				6CDF00631A34FFE200179BF6 /* Resources */,
			);
			buildRules = (
			);
			dependencies = (
			);
			name = SlotMachine;
			productName = SlotMachine;
			productReference = 6CDF00651A34FFE200179BF6 /* SlotMachine.app */;
			productType = "com.apple.product-type.application";
		};
		6CDF00791A34FFE200179BF6 /* SlotMachineTests */ = {
			isa = PBXNativeTarget;
			buildConfigurationList = 6CDF00871A34FFE200179BF6 /* Build configuration list for PBXNativeTarget "SlotMachineTests" */;
			buildPhases = (
				6CDF00761A34FFE200179BF6 /* Sources */,
				6CDF00771A34FFE200179BF6 /* Frameworks */,
				6CDF00781A34FFE200179BF6 /* Resources */,
			);
			buildRules = (
			);
			dependencies = (
				6CDF007C1A34FFE200179BF6 /* PBXTargetDependency */,
			);
			name = SlotMachineTests;
			productName = SlotMachineTests;
			productReference = 6CDF007A1A34FFE200179BF6 /* SlotMachineTests.xctest */;
			productType = "com.apple.product-type.bundle.unit-test";
		};
/* End PBXNativeTarget section */

/* Begin PBXProject section */
		6CDF005D1A34FFE200179BF6 /* Project object */ = {
			isa = PBXProject;
			attributes = {
				LastUpgradeCheck = 0610;
				ORGANIZATIONNAME = "Avni Uysal";
				TargetAttributes = {
					6CDF00641A34FFE200179BF6 = {
						CreatedOnToolsVersion = 6.1.1;
					};
					6CDF00791A34FFE200179BF6 = {
						CreatedOnToolsVersion = 6.1.1;
						TestTargetID = 6CDF00641A34FFE200179BF6;
					};
				};
			};
			buildConfigurationList = 6CDF00601A34FFE200179BF6 /* Build configuration list for PBXProject "SlotMachine" */;
			compatibilityVersion = "Xcode 3.2";
			developmentRegion = English;
			hasScannedForEncodings = 0;
			knownRegions = (
				en,
				Base,
			);
			mainGroup = 6CDF005C1A34FFE200179BF6;
			productRefGroup = 6CDF00661A34FFE200179BF6 /* Products */;
			projectDirPath = "";
			projectRoot = "";
			targets = (
				6CDF00641A34FFE200179BF6 /* SlotMachine */,
				6CDF00791A34FFE200179BF6 /* SlotMachineTests */,
			);
		};
/* End PBXProject section */

/* Begin PBXResourcesBuildPhase section */
		6CDF00631A34FFE200179BF6 /* Resources */ = {
			isa = PBXResourcesBuildPhase;
			buildActionMask = 2147483647;
			files = (
				6CDF00701A34FFE200179BF6 /* Main.storyboard in Resources */,
				6CDF00751A34FFE200179BF6 /* LaunchScreen.xib in Resources */,
				6CDF00721A34FFE200179BF6 /* Images.xcassets in Resources */,
			);
			runOnlyForDeploymentPostprocessing = 0;
		};
		6CDF00781A34FFE200179BF6 /* Resources */ = {
			isa = PBXResourcesBuildPhase;
			buildActionMask = 2147483647;
			files = (
			);
			runOnlyForDeploymentPostprocessing = 0;
		};
/* End PBXResourcesBuildPhase section */

/* Begin PBXSourcesBuildPhase section */
		6CDF00611A34FFE200179BF6 /* Sources */ = {
			isa = PBXSourcesBuildPhase;
			buildActionMask = 2147483647;
			files = (
				6CDF006D1A34FFE200179BF6 /* ViewController.swift in Sources */,
				6CDF006B1A34FFE200179BF6 /* AppDelegate.swift in Sources */,
			);
			runOnlyForDeploymentPostprocessing = 0;
		};
		6CDF00761A34FFE200179BF6 /* Sources */ = {
			isa = PBXSourcesBuildPhase;
			buildActionMask = 2147483647;
			files = (
				6CDF00811A34FFE200179BF6 /* SlotMachineTests.swift in Sources */,
			);
			runOnlyForDeploymentPostprocessing = 0;
		};
/* End PBXSourcesBuildPhase section */

/* Begin PBXTargetDependency section */
		6CDF007C1A34FFE200179BF6 /* PBXTargetDependency */ = {
			isa = PBXTargetDependency;
			target = 6CDF00641A34FFE200179BF6 /* SlotMachine */;
			targetProxy = 6CDF007B1A34FFE200179BF6 /* PBXContainerItemProxy */;
		};
/* End PBXTargetDependency section */

/* Begin PBXVariantGroup section */
		6CDF006E1A34FFE200179BF6 /* Main.storyboard */ = {
			isa = PBXVariantGroup;
			children = (
				6CDF006F1A34FFE200179BF6 /* Base */,
			);
			name = Main.storyboard;
			sourceTree = "<group>";
		};
		6CDF00731A34FFE200179BF6 /* LaunchScreen.xib */ = {
			isa = PBXVariantGroup;
			children = (
				6CDF00741A34FFE200179BF6 /* Base */,
			);
			name = LaunchScreen.xib;
			sourceTree = "<group>";
		};
/* End PBXVariantGroup section */

/* Begin XCBuildConfiguration section */
		6CDF00821A34FFE200179BF6 /* Debug */ = {
			isa = XCBuildConfiguration;
			buildSettings = {
				ALWAYS_SEARCH_USER_PATHS = NO;
				CLANG_CXX_LANGUAGE_STANDARD = "gnu++0x";
				CLANG_CXX_LIBRARY = "libc++";
				CLANG_ENABLE_MODULES = YES;
				CLANG_ENABLE_OBJC_ARC = YES;
				CLANG_WARN_BOOL_CONVERSION = YES;
				CLANG_WARN_CONSTANT_CONVERSION = YES;
				CLANG_WARN_DIRECT_OBJC_ISA_USAGE = YES_ERROR;
				CLANG_WARN_EMPTY_BODY = YES;
				CLANG_WARN_ENUM_CONVERSION = YES;
				CLANG_WARN_INT_CONVERSION = YES;
				CLANG_WARN_OBJC_ROOT_CLASS = YES_ERROR;
				CLANG_WARN_UNREACHABLE_CODE = YES;
				CLANG_WARN__DUPLICATE_METHOD_MATCH = YES;
				"CODE_SIGN_IDENTITY[sdk=iphoneos*]" = "iPhone Developer";
				COPY_PHASE_STRIP = NO;
				ENABLE_STRICT_OBJC_MSGSEND = YES;
				GCC_C_LANGUAGE_STANDARD = gnu99;
				GCC_DYNAMIC_NO_PIC = NO;
				GCC_OPTIMIZATION_LEVEL = 0;
				GCC_PREPROCESSOR_DEFINITIONS = (
					"DEBUG=1",
					"$(inherited)",
				);
				GCC_SYMBOLS_PRIVATE_EXTERN = NO;
				GCC_WARN_64_TO_32_BIT_CONVERSION = YES;
				GCC_WARN_ABOUT_RETURN_TYPE = YES_ERROR;
				GCC_WARN_UNDECLARED_SELECTOR = YES;
				GCC_WARN_UNINITIALIZED_AUTOS = YES_AGGRESSIVE;
				GCC_WARN_UNUSED_FUNCTION = YES;
				GCC_WARN_UNUSED_VARIABLE = YES;
				IPHONEOS_DEPLOYMENT_TARGET = 8.1;
				MTL_ENABLE_DEBUG_INFO = YES;
				ONLY_ACTIVE_ARCH = YES;
				SDKROOT = iphoneos;
				SWIFT_OPTIMIZATION_LEVEL = "-Onone";
				TARGETED_DEVICE_FAMILY = "1,2";
			};
			name = Debug;
		};
		6CDF00831A34FFE200179BF6 /* Release */ = {
			isa = XCBuildConfiguration;
			buildSettings = {
				ALWAYS_SEARCH_USER_PATHS = NO;
				CLANG_CXX_LANGUAGE_STANDARD = "gnu++0x";
				CLANG_CXX_LIBRARY = "libc++";
				CLANG_ENABLE_MODULES = YES;
				CLANG_ENABLE_OBJC_ARC = YES;
				CLANG_WARN_BOOL_CONVERSION = YES;
				CLANG_WARN_CONSTANT_CONVERSION = YES;
				CLANG_WARN_DIRECT_OBJC_ISA_USAGE = YES_ERROR;
				CLANG_WARN_EMPTY_BODY = YES;
				CLANG_WARN_ENUM_CONVERSION = YES;
				CLANG_WARN_INT_CONVERSION = YES;
				CLANG_WARN_OBJC_ROOT_CLASS = YES_ERROR;
				CLANG_WARN_UNREACHABLE_CODE = YES;
				CLANG_WARN__DUPLICATE_METHOD_MATCH = YES;
				"CODE_SIGN_IDENTITY[sdk=iphoneos*]" = "iPhone Developer";
				COPY_PHASE_STRIP = YES;
				ENABLE_NS_ASSERTIONS = NO;
				ENABLE_STRICT_OBJC_MSGSEND = YES;
				GCC_C_LANGUAGE_STANDARD = gnu99;
				GCC_WARN_64_TO_32_BIT_CONVERSION = YES;
				GCC_WARN_ABOUT_RETURN_TYPE = YES_ERROR;
				GCC_WARN_UNDECLARED_SELECTOR = YES;
				GCC_WARN_UNINITIALIZED_AUTOS = YES_AGGRESSIVE;
				GCC_WARN_UNUSED_FUNCTION = YES;
				GCC_WARN_UNUSED_VARIABLE = YES;
				IPHONEOS_DEPLOYMENT_TARGET = 8.1;
				MTL_ENABLE_DEBUG_INFO = NO;
				SDKROOT = iphoneos;
				TARGETED_DEVICE_FAMILY = "1,2";
				VALIDATE_PRODUCT = YES;
			};
			name = Release;
		};
		6CDF00851A34FFE200179BF6 /* Debug */ = {
			isa = XCBuildConfiguration;
			buildSettings = {
				ASSETCATALOG_COMPILER_APPICON_NAME = AppIcon;
				INFOPLIST_FILE = SlotMachine/Info.plist;
				LD_RUNPATH_SEARCH_PATHS = "$(inherited) @executable_path/Frameworks";
				PRODUCT_NAME = "$(TARGET_NAME)";
			};
			name = Debug;
		};
		6CDF00861A34FFE200179BF6 /* Release */ = {
			isa = XCBuildConfiguration;
			buildSettings = {
				ASSETCATALOG_COMPILER_APPICON_NAME = AppIcon;
				INFOPLIST_FILE = SlotMachine/Info.plist;
				LD_RUNPATH_SEARCH_PATHS = "$(inherited) @executable_path/Frameworks";
				PRODUCT_NAME = "$(TARGET_NAME)";
			};
			name = Release;
		};
		6CDF00881A34FFE200179BF6 /* Debug */ = {
			isa = XCBuildConfiguration;
			buildSettings = {
				BUNDLE_LOADER = "$(TEST_HOST)";
				FRAMEWORK_SEARCH_PATHS = (
					"$(SDKROOT)/Developer/Library/Frameworks",
					"$(inherited)",
				);
				GCC_PREPROCESSOR_DEFINITIONS = (
					"DEBUG=1",
					"$(inherited)",
				);
				INFOPLIST_FILE = SlotMachineTests/Info.plist;
				LD_RUNPATH_SEARCH_PATHS = "$(inherited) @executable_path/Frameworks @loader_path/Frameworks";
				PRODUCT_NAME = "$(TARGET_NAME)";
				TEST_HOST = "$(BUILT_PRODUCTS_DIR)/SlotMachine.app/SlotMachine";
			};
			name = Debug;
		};
		6CDF00891A34FFE200179BF6 /* Release */ = {
			isa = XCBuildConfiguration;
			buildSettings = {
				BUNDLE_LOADER = "$(TEST_HOST)";
				FRAMEWORK_SEARCH_PATHS = (
					"$(SDKROOT)/Developer/Library/Frameworks",
					"$(inherited)",
				);
				INFOPLIST_FILE = SlotMachineTests/Info.plist;
				LD_RUNPATH_SEARCH_PATHS = "$(inherited) @executable_path/Frameworks @loader_path/Frameworks";
				PRODUCT_NAME = "$(TARGET_NAME)";
				TEST_HOST = "$(BUILT_PRODUCTS_DIR)/SlotMachine.app/SlotMachine";
			};
			name = Release;
		};
/* End XCBuildConfiguration section */

/* Begin XCConfigurationList section */
		6CDF00601A34FFE200179BF6 /* Build configuration list for PBXProject "SlotMachine" */ = {
			isa = XCConfigurationList;
			buildConfigurations = (
				6CDF00821A34FFE200179BF6 /* Debug */,
				6CDF00831A34FFE200179BF6 /* Release */,
			);
			defaultConfigurationIsVisible = 0;
			defaultConfigurationName = Release;
		};
		6CDF00841A34FFE200179BF6 /* Build configuration list for PBXNativeTarget "SlotMachine" */ = {
			isa = XCConfigurationList;
			buildConfigurations = (
				6CDF00851A34FFE200179BF6 /* Debug */,
				6CDF00861A34FFE200179BF6 /* Release */,
			);
			defaultConfigurationIsVisible = 0;
		};
		6CDF00871A34FFE200179BF6 /* Build configuration list for PBXNativeTarget "SlotMachineTests" */ = {
			isa = XCConfigurationList;
			buildConfigurations = (
				6CDF00881A34FFE200179BF6 /* Debug */,
				6CDF00891A34FFE200179BF6 /* Release */,
			);
			defaultConfigurationIsVisible = 0;
		};
/* End XCConfigurationList section */
	};
	rootObject = 6CDF005D1A34FFE200179BF6 /* Project object */;
}
